
Microsoft Visual Studio Solution File, Format Version 12.00
# Visual Studio Version 17
VisualStudioVersion = 17.7.34031.279
MinimumVisualStudioVersion = 10.0.40219.1
Project("{FAE04EC0-301F-11D3-BF4B-00C04F79EFBC}") = "Strategy.Service", "Strategy.Service\Strategy.Service.csproj", "{22B53C71-AD10-452C-9159-51390E1DC40C}"
EndProject
Project("{FAE04EC0-301F-11D3-BF4B-00C04F79EFBC}") = "Strategy.Api", "Strategy.Api\Strategy.Api.csproj", "{8F5DF8D1-FAD7-40F4-8A7F-6E04E99B3EAC}"
EndProject
Global
	GlobalSection(SolutionConfigurationPlatforms) = preSolution
		Debug|Any CPU = Debug|Any CPU
		Release|Any CPU = Release|Any CPU
	EndGlobalSection
	GlobalSection(ProjectConfigurationPlatforms) = postSolution
		{22B53C71-AD10-452C-9159-51390E1DC40C}.Debug|Any CPU.ActiveCfg = Debug|Any CPU
		{22B53C71-AD10-452C-9159-51390E1DC40C}.Debug|Any CPU.Build.0 = Debug|Any CPU
		{22B53C71-AD10-452C-9159-51390E1DC40C}.Release|Any CPU.ActiveCfg = Release|Any CPU
		{22B53C71-AD10-452C-9159-51390E1DC40C}.Release|Any CPU.Build.0 = Release|Any CPU
		{8F5DF8D1-FAD7-40F4-8A7F-6E04E99B3EAC}.Debug|Any CPU.ActiveCfg = Debug|Any CPU
		{8F5DF8D1-FAD7-40F4-8A7F-6E04E99B3EAC}.Debug|Any CPU.Build.0 = Debug|Any CPU
		{8F5DF8D1-FAD7-40F4-8A7F-6E04E99B3EAC}.Release|Any CPU.ActiveCfg = Release|Any CPU
		{8F5DF8D1-FAD7-40F4-8A7F-6E04E99B3EAC}.Release|Any CPU.Build.0 = Release|Any CPU
	EndGlobalSection
	GlobalSection(SolutionProperties) = preSolution
		HideSolutionNode = FALSE
	EndGlobalSection
	GlobalSection(ExtensibilityGlobals) = postSolution
		SolutionGuid = {2CADE738-14FD-456C-8B26-78D0206F1496}
	EndGlobalSection
EndGlobal
